
Microsoft Visual Studio Solution File, Format Version 12.00
# Visual Studio Version 17
VisualStudioVersion = 17.2.32526.322
MinimumVisualStudioVersion = 10.0.40219.1
Project("{FAE04EC0-301F-11D3-BF4B-00C04F79EFBC}") = "TaskFormApp", "TaskFormApp\TaskFormApp.csproj", "{427BD5FE-8D98-417E-95E4-9E7CEAAEDAB9}"
EndProject
Project("{9A19103F-16F7-4668-BE54-9A1E7A4F7556}") = "TaskWebApp.API", "TaskWebApp.API\TaskWebApp.API.csproj", "{5819477F-C82F-430A-A75E-3F44219E117A}"
EndProject
Project("{9A19103F-16F7-4668-BE54-9A1E7A4F7556}") = "TaskConsoleApp", "TaskConsoleApp\TaskConsoleApp.csproj", "{ED3DDA72-E248-46D8-B6AB-D157DDD3497B}"
EndProject
Project("{FAE04EC0-301F-11D3-BF4B-00C04F79EFBC}") = "TaskThreadApp", "TaskThreadApp\TaskThreadApp.csproj", "{DDE5E381-B445-4DF0-AE3F-A7D4A9813B67}"
EndProject
Project("{FAE04EC0-301F-11D3-BF4B-00C04F79EFBC}") = "TaskCancellationFormApp", "TaskCancellationFormApp\TaskCancellationFormApp.csproj", "{EF260288-7E09-469B-B486-264FEE1302FC}"
EndProject
Project("{FAE04EC0-301F-11D3-BF4B-00C04F79EFBC}") = "ForEachParallelApp", "ForEachParallelApp\ForEachParallelApp.csproj", "{9D3DD568-71C4-4136-B3A1-9D28577DDFA9}"
EndProject
Global
	GlobalSection(SolutionConfigurationPlatforms) = preSolution
		Debug|Any CPU = Debug|Any CPU
		Release|Any CPU = Release|Any CPU
	EndGlobalSection
	GlobalSection(ProjectConfigurationPlatforms) = postSolution
		{427BD5FE-8D98-417E-95E4-9E7CEAAEDAB9}.Debug|Any CPU.ActiveCfg = Debug|Any CPU
		{427BD5FE-8D98-417E-95E4-9E7CEAAEDAB9}.Debug|Any CPU.Build.0 = Debug|Any CPU
		{427BD5FE-8D98-417E-95E4-9E7CEAAEDAB9}.Release|Any CPU.ActiveCfg = Release|Any CPU
		{427BD5FE-8D98-417E-95E4-9E7CEAAEDAB9}.Release|Any CPU.Build.0 = Release|Any CPU
		{5819477F-C82F-430A-A75E-3F44219E117A}.Debug|Any CPU.ActiveCfg = Debug|Any CPU
		{5819477F-C82F-430A-A75E-3F44219E117A}.Debug|Any CPU.Build.0 = Debug|Any CPU
		{5819477F-C82F-430A-A75E-3F44219E117A}.Release|Any CPU.ActiveCfg = Release|Any CPU
		{5819477F-C82F-430A-A75E-3F44219E117A}.Release|Any CPU.Build.0 = Release|Any CPU
		{ED3DDA72-E248-46D8-B6AB-D157DDD3497B}.Debug|Any CPU.ActiveCfg = Debug|Any CPU
		{ED3DDA72-E248-46D8-B6AB-D157DDD3497B}.Debug|Any CPU.Build.0 = Debug|Any CPU
		{ED3DDA72-E248-46D8-B6AB-D157DDD3497B}.Release|Any CPU.ActiveCfg = Release|Any CPU
		{ED3DDA72-E248-46D8-B6AB-D157DDD3497B}.Release|Any CPU.Build.0 = Release|Any CPU
		{DDE5E381-B445-4DF0-AE3F-A7D4A9813B67}.Debug|Any CPU.ActiveCfg = Debug|Any CPU
		{DDE5E381-B445-4DF0-AE3F-A7D4A9813B67}.Debug|Any CPU.Build.0 = Debug|Any CPU
		{DDE5E381-B445-4DF0-AE3F-A7D4A9813B67}.Release|Any CPU.ActiveCfg = Release|Any CPU
		{DDE5E381-B445-4DF0-AE3F-A7D4A9813B67}.Release|Any CPU.Build.0 = Release|Any CPU
		{EF260288-7E09-469B-B486-264FEE1302FC}.Debug|Any CPU.ActiveCfg = Debug|Any CPU
		{EF260288-7E09-469B-B486-264FEE1302FC}.Debug|Any CPU.Build.0 = Debug|Any CPU
		{EF260288-7E09-469B-B486-264FEE1302FC}.Release|Any CPU.ActiveCfg = Release|Any CPU
		{EF260288-7E09-469B-B486-264FEE1302FC}.Release|Any CPU.Build.0 = Release|Any CPU
		{9D3DD568-71C4-4136-B3A1-9D28577DDFA9}.Debug|Any CPU.ActiveCfg = Debug|Any CPU
		{9D3DD568-71C4-4136-B3A1-9D28577DDFA9}.Debug|Any CPU.Build.0 = Debug|Any CPU
		{9D3DD568-71C4-4136-B3A1-9D28577DDFA9}.Release|Any CPU.ActiveCfg = Release|Any CPU
		{9D3DD568-71C4-4136-B3A1-9D28577DDFA9}.Release|Any CPU.Build.0 = Release|Any CPU
	EndGlobalSection
	GlobalSection(SolutionProperties) = preSolution
		HideSolutionNode = FALSE
	EndGlobalSection
	GlobalSection(ExtensibilityGlobals) = postSolution
		SolutionGuid = {94C0A8DC-5AFC-4948-8F0B-0C8B25DD299D}
	EndGlobalSection
EndGlobal
